
Microsoft Visual Studio Solution File, Format Version 12.00
# Visual Studio Version 17
VisualStudioVersion = 17.11.35327.3
MinimumVisualStudioVersion = 10.0.40219.1
Project("{9A19103F-16F7-4668-BE54-9A1E7A4F7556}") = "Samwise", "Samwise.csproj", "{14FF8427-0AB7-4D48-AC26-80AA1495BD92}"
EndProject
Project("{9A19103F-16F7-4668-BE54-9A1E7A4F7556}") = "Gluten.Data", "..\Gluten.Data\Gluten.Data.csproj", "{3DA5DF96-897E-4128-9D7C-44D43BDF48AD}"
EndProject
Project("{9A19103F-16F7-4668-BE54-9A1E7A4F7556}") = "Gluten.Core", "..\Gluten.Core\Gluten.Core.csproj", "{9E863AD3-9808-471F-9841-05BF30EA3C9F}"
EndProject
Project("{9A19103F-16F7-4668-BE54-9A1E7A4F7556}") = "Gluten.Core.DataProcessing", "..\Gluten.Core.DataProcessing\Gluten.Core.DataProcessing.csproj", "{449DC00C-E385-46E8-A8A9-5CDC9330345A}"
EndProject
Global
	GlobalSection(SolutionConfigurationPlatforms) = preSolution
		Debug|Any CPU = Debug|Any CPU
		Release|Any CPU = Release|Any CPU
	EndGlobalSection
	GlobalSection(ProjectConfigurationPlatforms) = postSolution
		{14FF8427-0AB7-4D48-AC26-80AA1495BD92}.Debug|Any CPU.ActiveCfg = Debug|Any CPU
		{14FF8427-0AB7-4D48-AC26-80AA1495BD92}.Debug|Any CPU.Build.0 = Debug|Any CPU
		{14FF8427-0AB7-4D48-AC26-80AA1495BD92}.Release|Any CPU.ActiveCfg = Release|Any CPU
		{14FF8427-0AB7-4D48-AC26-80AA1495BD92}.Release|Any CPU.Build.0 = Release|Any CPU
		{3DA5DF96-897E-4128-9D7C-44D43BDF48AD}.Debug|Any CPU.ActiveCfg = Debug|Any CPU
		{3DA5DF96-897E-4128-9D7C-44D43BDF48AD}.Debug|Any CPU.Build.0 = Debug|Any CPU
		{3DA5DF96-897E-4128-9D7C-44D43BDF48AD}.Release|Any CPU.ActiveCfg = Release|Any CPU
		{3DA5DF96-897E-4128-9D7C-44D43BDF48AD}.Release|Any CPU.Build.0 = Release|Any CPU
		{9E863AD3-9808-471F-9841-05BF30EA3C9F}.Debug|Any CPU.ActiveCfg = Debug|Any CPU
		{9E863AD3-9808-471F-9841-05BF30EA3C9F}.Debug|Any CPU.Build.0 = Debug|Any CPU
		{9E863AD3-9808-471F-9841-05BF30EA3C9F}.Release|Any CPU.ActiveCfg = Release|Any CPU
		{9E863AD3-9808-471F-9841-05BF30EA3C9F}.Release|Any CPU.Build.0 = Release|Any CPU
		{449DC00C-E385-46E8-A8A9-5CDC9330345A}.Debug|Any CPU.ActiveCfg = Debug|Any CPU
		{449DC00C-E385-46E8-A8A9-5CDC9330345A}.Debug|Any CPU.Build.0 = Debug|Any CPU
		{449DC00C-E385-46E8-A8A9-5CDC9330345A}.Release|Any CPU.ActiveCfg = Release|Any CPU
		{449DC00C-E385-46E8-A8A9-5CDC9330345A}.Release|Any CPU.Build.0 = Release|Any CPU
	EndGlobalSection
	GlobalSection(SolutionProperties) = preSolution
		HideSolutionNode = FALSE
	EndGlobalSection
	GlobalSection(ExtensibilityGlobals) = postSolution
		SolutionGuid = {30CC0BF7-3590-44BD-828C-7D8BCD0172F4}
	EndGlobalSection
EndGlobal
